
Microsoft Visual Studio Solution File, Format Version 12.00
# Visual Studio 2013
Project("{FAE04EC0-301F-11D3-BF4B-00C04F79EFBC}") = "UnityVS.AlexanderMind.CSharp", "UnityVS.AlexanderMind.CSharp.csproj", "{31C03ECC-37BB-87C1-1270-287098DD717B}"
EndProject
Global
	GlobalSection(SolutionConfigurationPlatforms) = preSolution
		Debug|Any CPU = Debug|Any CPU
		Release|Any CPU = Release|Any CPU
	EndGlobalSection
	GlobalSection(ProjectConfigurationPlatforms) = postSolution
		{31C03ECC-37BB-87C1-1270-287098DD717B}.Debug|Any CPU.ActiveCfg = Debug|Any CPU
		{31C03ECC-37BB-87C1-1270-287098DD717B}.Debug|Any CPU.Build.0 = Debug|Any CPU
		{31C03ECC-37BB-87C1-1270-287098DD717B}.Release|Any CPU.ActiveCfg = Release|Any CPU
		{31C03ECC-37BB-87C1-1270-287098DD717B}.Release|Any CPU.Build.0 = Release|Any CPU
	EndGlobalSection
	GlobalSection(SolutionProperties) = preSolution
		HideSolutionNode = FALSE
	EndGlobalSection
EndGlobal
